
Microsoft Visual Studio Solution File, Format Version 12.00
# Visual Studio 2017
Project("{FAE04EC0-301F-11D3-BF4B-00C04F79EFBC}") = "VOID.Plugins", "VOID.Plugins.csproj", "{ED85F588-E0AA-4DE8-C0FC-3FA024A977CC}"
EndProject
Project("{FAE04EC0-301F-11D3-BF4B-00C04F79EFBC}") = "VOID", "VOID.csproj", "{215349A9-E216-62D0-9B4D-FD7965E666F0}"
EndProject
Project("{FAE04EC0-301F-11D3-BF4B-00C04F79EFBC}") = "VOID.Editor.Plugins", "VOID.Editor.Plugins.csproj", "{4B689227-9736-E052-DB33-B90E9C4B98E6}"
EndProject
Project("{FAE04EC0-301F-11D3-BF4B-00C04F79EFBC}") = "VOID.Editor", "VOID.Editor.csproj", "{670B059C-8DF8-1A74-6B5E-525152356870}"
EndProject
Global
	GlobalSection(SolutionConfigurationPlatforms) = preSolution
		Debug|Any CPU = Debug|Any CPU
		Release|Any CPU = Release|Any CPU
	EndGlobalSection
	GlobalSection(ProjectConfigurationPlatforms) = postSolution
		{ED85F588-E0AA-4DE8-C0FC-3FA024A977CC}.Debug|Any CPU.ActiveCfg = Debug|Any CPU
		{ED85F588-E0AA-4DE8-C0FC-3FA024A977CC}.Debug|Any CPU.Build.0 = Debug|Any CPU
		{ED85F588-E0AA-4DE8-C0FC-3FA024A977CC}.Release|Any CPU.ActiveCfg = Release|Any CPU
		{ED85F588-E0AA-4DE8-C0FC-3FA024A977CC}.Release|Any CPU.Build.0 = Release|Any CPU
		{215349A9-E216-62D0-9B4D-FD7965E666F0}.Debug|Any CPU.ActiveCfg = Debug|Any CPU
		{215349A9-E216-62D0-9B4D-FD7965E666F0}.Debug|Any CPU.Build.0 = Debug|Any CPU
		{215349A9-E216-62D0-9B4D-FD7965E666F0}.Release|Any CPU.ActiveCfg = Release|Any CPU
		{215349A9-E216-62D0-9B4D-FD7965E666F0}.Release|Any CPU.Build.0 = Release|Any CPU
		{4B689227-9736-E052-DB33-B90E9C4B98E6}.Debug|Any CPU.ActiveCfg = Debug|Any CPU
		{4B689227-9736-E052-DB33-B90E9C4B98E6}.Debug|Any CPU.Build.0 = Debug|Any CPU
		{4B689227-9736-E052-DB33-B90E9C4B98E6}.Release|Any CPU.ActiveCfg = Release|Any CPU
		{4B689227-9736-E052-DB33-B90E9C4B98E6}.Release|Any CPU.Build.0 = Release|Any CPU
		{670B059C-8DF8-1A74-6B5E-525152356870}.Debug|Any CPU.ActiveCfg = Debug|Any CPU
		{670B059C-8DF8-1A74-6B5E-525152356870}.Debug|Any CPU.Build.0 = Debug|Any CPU
		{670B059C-8DF8-1A74-6B5E-525152356870}.Release|Any CPU.ActiveCfg = Release|Any CPU
		{670B059C-8DF8-1A74-6B5E-525152356870}.Release|Any CPU.Build.0 = Release|Any CPU
	EndGlobalSection
	GlobalSection(SolutionProperties) = preSolution
		HideSolutionNode = FALSE
	EndGlobalSection
EndGlobal
